// !$*UTF8*$!
{
	archiveVersion = 1;
	classes = {
	};
	objectVersion = 46;
	objects = {

/* Begin PBXBuildFile section */
		1D213F378F52120B0ECD11D0 /* Pods_RatingExample.framework in Frameworks */ = {isa = PBXBuildFile; fileRef = 38E8CE66A5E30BF47417F939 /* Pods_RatingExample.framework */; };
		52243BC41E8AD21700859BDB /* AppDelegate.swift in Sources */ = {isa = PBXBuildFile; fileRef = 52243BC31E8AD21700859BDB /* AppDelegate.swift */; };
		52243BC61E8AD21700859BDB /* ViewController.swift in Sources */ = {isa = PBXBuildFile; fileRef = 52243BC51E8AD21700859BDB /* ViewController.swift */; };
		52243BC91E8AD21700859BDB /* Main.storyboard in Resources */ = {isa = PBXBuildFile; fileRef = 52243BC71E8AD21700859BDB /* Main.storyboard */; };
		52243BCB1E8AD21700859BDB /* Assets.xcassets in Resources */ = {isa = PBXBuildFile; fileRef = 52243BCA1E8AD21700859BDB /* Assets.xcassets */; };
		52243BCE1E8AD21700859BDB /* LaunchScreen.storyboard in Resources */ = {isa = PBXBuildFile; fileRef = 52243BCC1E8AD21700859BDB /* LaunchScreen.storyboard */; };
		526720841E8B04B90050B443 /* logo.png in Resources */ = {isa = PBXBuildFile; fileRef = 526720831E8B04B90050B443 /* logo.png */; };
/* End PBXBuildFile section */

/* Begin PBXFileReference section */
		38E8CE66A5E30BF47417F939 /* Pods_RatingExample.framework */ = {isa = PBXFileReference; explicitFileType = wrapper.framework; includeInIndex = 0; path = Pods_RatingExample.framework; sourceTree = BUILT_PRODUCTS_DIR; };
		52243BC01E8AD21700859BDB /* RatingExample.app */ = {isa = PBXFileReference; explicitFileType = wrapper.application; includeInIndex = 0; path = RatingExample.app; sourceTree = BUILT_PRODUCTS_DIR; };
		52243BC31E8AD21700859BDB /* AppDelegate.swift */ = {isa = PBXFileReference; lastKnownFileType = sourcecode.swift; path = AppDelegate.swift; sourceTree = "<group>"; };
		52243BC51E8AD21700859BDB /* ViewController.swift */ = {isa = PBXFileReference; lastKnownFileType = sourcecode.swift; path = ViewController.swift; sourceTree = "<group>"; };
		52243BC81E8AD21700859BDB /* Base */ = {isa = PBXFileReference; lastKnownFileType = file.storyboard; name = Base; path = Base.lproj/Main.storyboard; sourceTree = "<group>"; };
		52243BCA1E8AD21700859BDB /* Assets.xcassets */ = {isa = PBXFileReference; lastKnownFileType = folder.assetcatalog; path = Assets.xcassets; sourceTree = "<group>"; };
		52243BCD1E8AD21700859BDB /* Base */ = {isa = PBXFileReference; lastKnownFileType = file.storyboard; name = Base; path = Base.lproj/LaunchScreen.storyboard; sourceTree = "<group>"; };
		52243BCF1E8AD21700859BDB /* Info.plist */ = {isa = PBXFileReference; lastKnownFileType = text.plist.xml; path = Info.plist; sourceTree = "<group>"; };
		526720831E8B04B90050B443 /* logo.png */ = {isa = PBXFileReference; lastKnownFileType = image.png; path = logo.png; sourceTree = "<group>"; };
		526720851E8B06490050B443 /* bridging-header.h */ = {isa = PBXFileReference; fileEncoding = 4; lastKnownFileType = sourcecode.c.h; path = "bridging-header.h"; sourceTree = "<group>"; };
		A5FA6DA03265E7BA3392C35C /* Pods-RatingExample.debug.xcconfig */ = {isa = PBXFileReference; includeInIndex = 1; lastKnownFileType = text.xcconfig; name = "Pods-RatingExample.debug.xcconfig"; path = "Pods/Target Support Files/Pods-RatingExample/Pods-RatingExample.debug.xcconfig"; sourceTree = "<group>"; };
		FA941ECF4FE6C89EFE868B77 /* Pods-RatingExample.release.xcconfig */ = {isa = PBXFileReference; includeInIndex = 1; lastKnownFileType = text.xcconfig; name = "Pods-RatingExample.release.xcconfig"; path = "Pods/Target Support Files/Pods-RatingExample/Pods-RatingExample.release.xcconfig"; sourceTree = "<group>"; };
/* End PBXFileReference section */

/* Begin PBXFrameworksBuildPhase section */
		52243BBD1E8AD21700859BDB /* Frameworks */ = {
			isa = PBXFrameworksBuildPhase;
			buildActionMask = 2147483647;
			files = (
				1D213F378F52120B0ECD11D0 /* Pods_RatingExample.framework in Frameworks */,
			);
			runOnlyForDeploymentPostprocessing = 0;
		};
/* End PBXFrameworksBuildPhase section */

/* Begin PBXGroup section */
		1460DB13FB031F3B40985DE2 /* Frameworks */ = {
			isa = PBXGroup;
			children = (
				38E8CE66A5E30BF47417F939 /* Pods_RatingExample.framework */,
			);
			name = Frameworks;
			sourceTree = "<group>";
		};
		52243BB71E8AD21700859BDB = {
			isa = PBXGroup;
			children = (
				52243BC21E8AD21700859BDB /* RatingExample */,
				52243BC11E8AD21700859BDB /* Products */,
				A867FF00ACD3DE77FB65E134 /* Pods */,
				1460DB13FB031F3B40985DE2 /* Frameworks */,
			);
			sourceTree = "<group>";
		};
		52243BC11E8AD21700859BDB /* Products */ = {
			isa = PBXGroup;
			children = (
				52243BC01E8AD21700859BDB /* RatingExample.app */,
			);
			name = Products;
			sourceTree = "<group>";
		};
		52243BC21E8AD21700859BDB /* RatingExample */ = {
			isa = PBXGroup;
			children = (
				526720821E8B04B90050B443 /* images */,
				52243BC31E8AD21700859BDB /* AppDelegate.swift */,
				52243BC51E8AD21700859BDB /* ViewController.swift */,
				52243BC71E8AD21700859BDB /* Main.storyboard */,
				52243BCA1E8AD21700859BDB /* Assets.xcassets */,
				52243BCC1E8AD21700859BDB /* LaunchScreen.storyboard */,
				52243BCF1E8AD21700859BDB /* Info.plist */,
				526720851E8B06490050B443 /* bridging-header.h */,
			);
			path = RatingExample;
			sourceTree = "<group>";
		};
		526720821E8B04B90050B443 /* images */ = {
			isa = PBXGroup;
			children = (
				526720831E8B04B90050B443 /* logo.png */,
			);
			path = images;
			sourceTree = "<group>";
		};
		A867FF00ACD3DE77FB65E134 /* Pods */ = {
			isa = PBXGroup;
			children = (
				A5FA6DA03265E7BA3392C35C /* Pods-RatingExample.debug.xcconfig */,
				FA941ECF4FE6C89EFE868B77 /* Pods-RatingExample.release.xcconfig */,
			);
			name = Pods;
			sourceTree = "<group>";
		};
/* End PBXGroup section */

/* Begin PBXNativeTarget section */
		52243BBF1E8AD21700859BDB /* RatingExample */ = {
			isa = PBXNativeTarget;
			buildConfigurationList = 52243BD21E8AD21700859BDB /* Build configuration list for PBXNativeTarget "RatingExample" */;
			buildPhases = (
				C4AE5306EE522ED409FD43EC /* [CP] Check Pods Manifest.lock */,
				52243BBC1E8AD21700859BDB /* Sources */,
				52243BBD1E8AD21700859BDB /* Frameworks */,
				52243BBE1E8AD21700859BDB /* Resources */,
				9E924DA3CE349A6CBFDAE10A /* [CP] Embed Pods Frameworks */,
				2B35E02E784354ED75A485B0 /* [CP] Copy Pods Resources */,
			);
			buildRules = (
			);
			dependencies = (
			);
			name = RatingExample;
			productName = RatingExample;
			productReference = 52243BC01E8AD21700859BDB /* RatingExample.app */;
			productType = "com.apple.product-type.application";
		};
/* End PBXNativeTarget section */

/* Begin PBXProject section */
		52243BB81E8AD21700859BDB /* Project object */ = {
			isa = PBXProject;
			attributes = {
				LastSwiftUpdateCheck = 0830;
				LastUpgradeCheck = 0830;
				ORGANIZATIONNAME = CleverTap;
				TargetAttributes = {
					52243BBF1E8AD21700859BDB = {
						CreatedOnToolsVersion = 8.3;
						DevelopmentTeam = A5J34NR598;
						ProvisioningStyle = Automatic;
					};
				};
			};
			buildConfigurationList = 52243BBB1E8AD21700859BDB /* Build configuration list for PBXProject "RatingExample" */;
			compatibilityVersion = "Xcode 3.2";
			developmentRegion = English;
			hasScannedForEncodings = 0;
			knownRegions = (
				en,
				Base,
			);
			mainGroup = 52243BB71E8AD21700859BDB;
			productRefGroup = 52243BC11E8AD21700859BDB /* Products */;
			projectDirPath = "";
			projectRoot = "";
			targets = (
				52243BBF1E8AD21700859BDB /* RatingExample */,
			);
		};
/* End PBXProject section */

/* Begin PBXResourcesBuildPhase section */
		52243BBE1E8AD21700859BDB /* Resources */ = {
			isa = PBXResourcesBuildPhase;
			buildActionMask = 2147483647;
			files = (
				526720841E8B04B90050B443 /* logo.png in Resources */,
				52243BCE1E8AD21700859BDB /* LaunchScreen.storyboard in Resources */,
				52243BCB1E8AD21700859BDB /* Assets.xcassets in Resources */,
				52243BC91E8AD21700859BDB /* Main.storyboard in Resources */,
			);
			runOnlyForDeploymentPostprocessing = 0;
		};
/* End PBXResourcesBuildPhase section */

/* Begin PBXShellScriptBuildPhase section */
		2B35E02E784354ED75A485B0 /* [CP] Copy Pods Resources */ = {
			isa = PBXShellScriptBuildPhase;
			buildActionMask = 2147483647;
			files = (
			);
			inputPaths = (
			);
			name = "[CP] Copy Pods Resources";
			outputPaths = (
			);
			runOnlyForDeploymentPostprocessing = 0;
			shellPath = /bin/sh;
			shellScript = "\"${SRCROOT}/Pods/Target Support Files/Pods-RatingExample/Pods-RatingExample-resources.sh\"\n";
			showEnvVarsInLog = 0;
		};
		9E924DA3CE349A6CBFDAE10A /* [CP] Embed Pods Frameworks */ = {
			isa = PBXShellScriptBuildPhase;
			buildActionMask = 2147483647;
			files = (
			);
			inputPaths = (
			);
			name = "[CP] Embed Pods Frameworks";
			outputPaths = (
			);
			runOnlyForDeploymentPostprocessing = 0;
			shellPath = /bin/sh;
			shellScript = "\"${SRCROOT}/Pods/Target Support Files/Pods-RatingExample/Pods-RatingExample-frameworks.sh\"\n";
			showEnvVarsInLog = 0;
		};
		C4AE5306EE522ED409FD43EC /* [CP] Check Pods Manifest.lock */ = {
			isa = PBXShellScriptBuildPhase;
			buildActionMask = 2147483647;
			files = (
			);
			inputPaths = (
			);
			name = "[CP] Check Pods Manifest.lock";
			outputPaths = (
			);
			runOnlyForDeploymentPostprocessing = 0;
			shellPath = /bin/sh;
			shellScript = "diff \"${PODS_ROOT}/../Podfile.lock\" \"${PODS_ROOT}/Manifest.lock\" > /dev/null\nif [ $? != 0 ] ; then\n    # print error to STDERR\n    echo \"error: The sandbox is not in sync with the Podfile.lock. Run 'pod install' or update your CocoaPods installation.\" >&2\n    exit 1\nfi\n";
			showEnvVarsInLog = 0;
		};
/* End PBXShellScriptBuildPhase section */

/* Begin PBXSourcesBuildPhase section */
		52243BBC1E8AD21700859BDB /* Sources */ = {
			isa = PBXSourcesBuildPhase;
			buildActionMask = 2147483647;
			files = (
				52243BC61E8AD21700859BDB /* ViewController.swift in Sources */,
				52243BC41E8AD21700859BDB /* AppDelegate.swift in Sources */,
			);
			runOnlyForDeploymentPostprocessing = 0;
		};
/* End PBXSourcesBuildPhase section */

/* Begin PBXVariantGroup section */
		52243BC71E8AD21700859BDB /* Main.storyboard */ = {
			isa = PBXVariantGroup;
			children = (
				52243BC81E8AD21700859BDB /* Base */,
			);
			name = Main.storyboard;
			sourceTree = "<group>";
		};
		52243BCC1E8AD21700859BDB /* LaunchScreen.storyboard */ = {
			isa = PBXVariantGroup;
			children = (
				52243BCD1E8AD21700859BDB /* Base */,
			);
			name = LaunchScreen.storyboard;
			sourceTree = "<group>";
		};
/* End PBXVariantGroup section */

/* Begin XCBuildConfiguration section */
		52243BD01E8AD21700859BDB /* Debug */ = {
			isa = XCBuildConfiguration;
			buildSettings = {
				ALWAYS_SEARCH_USER_PATHS = NO;
				CLANG_ANALYZER_NONNULL = YES;
				CLANG_ANALYZER_NUMBER_OBJECT_CONVERSION = YES_AGGRESSIVE;
				CLANG_CXX_LANGUAGE_STANDARD = "gnu++0x";
				CLANG_CXX_LIBRARY = "libc++";
				CLANG_ENABLE_MODULES = YES;
				CLANG_ENABLE_OBJC_ARC = YES;
				CLANG_WARN_BOOL_CONVERSION = YES;
				CLANG_WARN_CONSTANT_CONVERSION = YES;
				CLANG_WARN_DIRECT_OBJC_ISA_USAGE = YES_ERROR;
				CLANG_WARN_DOCUMENTATION_COMMENTS = YES;
				CLANG_WARN_EMPTY_BODY = YES;
				CLANG_WARN_ENUM_CONVERSION = YES;
				CLANG_WARN_INFINITE_RECURSION = YES;
				CLANG_WARN_INT_CONVERSION = YES;
				CLANG_WARN_OBJC_ROOT_CLASS = YES_ERROR;
				CLANG_WARN_SUSPICIOUS_MOVE = YES;
				CLANG_WARN_UNREACHABLE_CODE = YES;
				CLANG_WARN__DUPLICATE_METHOD_MATCH = YES;
				"CODE_SIGN_IDENTITY[sdk=iphoneos*]" = "iPhone Developer";
				COPY_PHASE_STRIP = NO;
				DEBUG_INFORMATION_FORMAT = dwarf;
				ENABLE_STRICT_OBJC_MSGSEND = YES;
				ENABLE_TESTABILITY = YES;
				GCC_C_LANGUAGE_STANDARD = gnu99;
				GCC_DYNAMIC_NO_PIC = NO;
				GCC_NO_COMMON_BLOCKS = YES;
				GCC_OPTIMIZATION_LEVEL = 0;
				GCC_PREPROCESSOR_DEFINITIONS = (
					"DEBUG=1",
					"$(inherited)",
				);
				GCC_WARN_64_TO_32_BIT_CONVERSION = YES;
				GCC_WARN_ABOUT_RETURN_TYPE = YES_ERROR;
				GCC_WARN_UNDECLARED_SELECTOR = YES;
				GCC_WARN_UNINITIALIZED_AUTOS = YES_AGGRESSIVE;
				GCC_WARN_UNUSED_FUNCTION = YES;
				GCC_WARN_UNUSED_VARIABLE = YES;
				IPHONEOS_DEPLOYMENT_TARGET = 10.3;
				MTL_ENABLE_DEBUG_INFO = YES;
				ONLY_ACTIVE_ARCH = YES;
				SDKROOT = iphoneos;
				SWIFT_ACTIVE_COMPILATION_CONDITIONS = DEBUG;
				SWIFT_OPTIMIZATION_LEVEL = "-Onone";
				TARGETED_DEVICE_FAMILY = "1,2";
			};
			name = Debug;
		};
		52243BD11E8AD21700859BDB /* Release */ = {
			isa = XCBuildConfiguration;
			buildSettings = {
				ALWAYS_SEARCH_USER_PATHS = NO;
				CLANG_ANALYZER_NONNULL = YES;
				CLANG_ANALYZER_NUMBER_OBJECT_CONVERSION = YES_AGGRESSIVE;
				CLANG_CXX_LANGUAGE_STANDARD = "gnu++0x";
				CLANG_CXX_LIBRARY = "libc++";
				CLANG_ENABLE_MODULES = YES;
				CLANG_ENABLE_OBJC_ARC = YES;
				CLANG_WARN_BOOL_CONVERSION = YES;
				CLANG_WARN_CONSTANT_CONVERSION = YES;
				CLANG_WARN_DIRECT_OBJC_ISA_USAGE = YES_ERROR;
				CLANG_WARN_DOCUMENTATION_COMMENTS = YES;
				CLANG_WARN_EMPTY_BODY = YES;
				CLANG_WARN_ENUM_CONVERSION = YES;
				CLANG_WARN_INFINITE_RECURSION = YES;
				CLANG_WARN_INT_CONVERSION = YES;
				CLANG_WARN_OBJC_ROOT_CLASS = YES_ERROR;
				CLANG_WARN_SUSPICIOUS_MOVE = YES;
				CLANG_WARN_UNREACHABLE_CODE = YES;
				CLANG_WARN__DUPLICATE_METHOD_MATCH = YES;
				"CODE_SIGN_IDENTITY[sdk=iphoneos*]" = "iPhone Developer";
				COPY_PHASE_STRIP = NO;
				DEBUG_INFORMATION_FORMAT = "dwarf-with-dsym";
				ENABLE_NS_ASSERTIONS = NO;
				ENABLE_STRICT_OBJC_MSGSEND = YES;
				GCC_C_LANGUAGE_STANDARD = gnu99;
				GCC_NO_COMMON_BLOCKS = YES;
				GCC_WARN_64_TO_32_BIT_CONVERSION = YES;
				GCC_WARN_ABOUT_RETURN_TYPE = YES_ERROR;
				GCC_WARN_UNDECLARED_SELECTOR = YES;
				GCC_WARN_UNINITIALIZED_AUTOS = YES_AGGRESSIVE;
				GCC_WARN_UNUSED_FUNCTION = YES;
				GCC_WARN_UNUSED_VARIABLE = YES;
				IPHONEOS_DEPLOYMENT_TARGET = 10.3;
				MTL_ENABLE_DEBUG_INFO = NO;
				SDKROOT = iphoneos;
				SWIFT_OPTIMIZATION_LEVEL = "-Owholemodule";
				TARGETED_DEVICE_FAMILY = "1,2";
				VALIDATE_PRODUCT = YES;
			};
			name = Release;
		};
		52243BD31E8AD21700859BDB /* Debug */ = {
			isa = XCBuildConfiguration;
			baseConfigurationReference = A5FA6DA03265E7BA3392C35C /* Pods-RatingExample.debug.xcconfig */;
			buildSettings = {
				ASSETCATALOG_COMPILER_APPICON_NAME = AppIcon;
				DEVELOPMENT_TEAM = A5J34NR598;
				INFOPLIST_FILE = RatingExample/Info.plist;
				LD_RUNPATH_SEARCH_PATHS = "$(inherited) @executable_path/Frameworks";
				PRODUCT_BUNDLE_IDENTIFIER = com.clevertap.RatingExample;
				PRODUCT_NAME = "$(TARGET_NAME)";
				SWIFT_OBJC_BRIDGING_HEADER = "RatingExample/bridging-header.h";
				SWIFT_VERSION = 3.0;
			};
			name = Debug;
		};
		52243BD41E8AD21700859BDB /* Release */ = {
			isa = XCBuildConfiguration;
			baseConfigurationReference = FA941ECF4FE6C89EFE868B77 /* Pods-RatingExample.release.xcconfig */;
			buildSettings = {
				ASSETCATALOG_COMPILER_APPICON_NAME = AppIcon;
				DEVELOPMENT_TEAM = A5J34NR598;
				INFOPLIST_FILE = RatingExample/Info.plist;
				LD_RUNPATH_SEARCH_PATHS = "$(inherited) @executable_path/Frameworks";
				PRODUCT_BUNDLE_IDENTIFIER = com.clevertap.RatingExample;
				PRODUCT_NAME = "$(TARGET_NAME)";
				SWIFT_OBJC_BRIDGING_HEADER = "RatingExample/bridging-header.h";
				SWIFT_VERSION = 3.0;
			};
			name = Release;
		};
/* End XCBuildConfiguration section */

/* Begin XCConfigurationList section */
		52243BBB1E8AD21700859BDB /* Build configuration list for PBXProject "RatingExample" */ = {
			isa = XCConfigurationList;
			buildConfigurations = (
				52243BD01E8AD21700859BDB /* Debug */,
				52243BD11E8AD21700859BDB /* Release */,
			);
			defaultConfigurationIsVisible = 0;
			defaultConfigurationName = Release;
		};
		52243BD21E8AD21700859BDB /* Build configuration list for PBXNativeTarget "RatingExample" */ = {
			isa = XCConfigurationList;
			buildConfigurations = (
				52243BD31E8AD21700859BDB /* Debug */,
				52243BD41E8AD21700859BDB /* Release */,
			);
			defaultConfigurationIsVisible = 0;
			defaultConfigurationName = Release;
		};
/* End XCConfigurationList section */
	};
	rootObject = 52243BB81E8AD21700859BDB /* Project object */;
}
